{
	"name": "http-responder.test.cjs",
	"requires": true,
	"lockfileVersion": 1,
	"dependencies": {
		"http-responder": {
			"version": "2.2.0",
			"resolved": "https://registry.npmjs.org/http-responder/-/http-responder-2.2.0.tgz",
			"integrity": "sha512-iFnZ32kQzgVIVoqT4ef1UvmSvqh2y+QyvJqLsZgjxWT0nXEReQt8a2vqA5fO6zRi+78EDR5B73Bnd53rG53fhA=="
		}
	}
}
