{
	"name": "http-responder.test.cjs",
	"requires": true,
	"lockfileVersion": 1,
	"dependencies": {
		"http-responder": {
			"version": "2.1.6",
			"resolved": "https://registry.npmjs.org/http-responder/-/http-responder-2.1.6.tgz",
			"integrity": "sha512-ol6jT3Of02YLmFgF3juhqAeLGr9hO++eCcOfzdFE3CTiPzg/dCoBjLYZ8K/QnjEM7wPndEaMqNXK5Qu0RP5xSA=="
		}
	}
}
