{
	"name": "http-responder.test.esm",
	"requires": true,
	"lockfileVersion": 1,
	"dependencies": {
		"http-responder": {
			"version": "2.2.2",
			"resolved": "https://registry.npmjs.org/http-responder/-/http-responder-2.2.2.tgz",
			"integrity": "sha512-vm2Ir9a3yj3Ij3Lvi1GJ2NrBOE0MmxUqOGhbp9DwEB94vEsR0EE8/tIH1GvKOnMjkXiWzZwGJrFCj/D4cuzhMg=="
		}
	}
}
